
Microsoft Visual Studio Solution File, Format Version 12.00
# Visual Studio Version 17
VisualStudioVersion = 17.0.32014.148
MinimumVisualStudioVersion = 10.0.40219.1
Project("{9A19103F-16F7-4668-BE54-9A1E7A4F7556}") = "DotNetCoreDemoWebApiApplication", "DotNetCoreDemoWebApiApplication.csproj", "{2630627C-EB90-40A3-B469-F406313ABB77}"
EndProject
Global
	GlobalSection(SolutionConfigurationPlatforms) = preSolution
		Debug|Any CPU = Debug|Any CPU
		Release|Any CPU = Release|Any CPU
	EndGlobalSection
	GlobalSection(ProjectConfigurationPlatforms) = postSolution
		{2630627C-EB90-40A3-B469-F406313ABB77}.Debug|Any CPU.ActiveCfg = Debug|Any CPU
		{2630627C-EB90-40A3-B469-F406313ABB77}.Debug|Any CPU.Build.0 = Debug|Any CPU
		{2630627C-EB90-40A3-B469-F406313ABB77}.Release|Any CPU.ActiveCfg = Release|Any CPU
		{2630627C-EB90-40A3-B469-F406313ABB77}.Release|Any CPU.Build.0 = Release|Any CPU
	EndGlobalSection
	GlobalSection(SolutionProperties) = preSolution
		HideSolutionNode = FALSE
	EndGlobalSection
	GlobalSection(ExtensibilityGlobals) = postSolution
		SolutionGuid = {CD97E34E-ED63-4901-8265-F5F2690162E3}
	EndGlobalSection
EndGlobal
